// !$*UTF8*$!
{
	archiveVersion = 1;
	classes = {
	};
	objectVersion = 56;
	objects = {

/* Begin PBXBuildFile section */
		BBC878192BA7569A00F36366 /* SimpleSwiftUIProjectApp.swift in Sources */ = {isa = PBXBuildFile; fileRef = BBC878182BA7569A00F36366 /* SimpleSwiftUIProjectApp.swift */; };
		BBC8781B2BA7569A00F36366 /* ContentView.swift in Sources */ = {isa = PBXBuildFile; fileRef = BBC8781A2BA7569A00F36366 /* ContentView.swift */; };
		BBC8781D2BA7569C00F36366 /* Assets.xcassets in Resources */ = {isa = PBXBuildFile; fileRef = BBC8781C2BA7569C00F36366 /* Assets.xcassets */; };
		BBC878202BA7569C00F36366 /* Preview Assets.xcassets in Resources */ = {isa = PBXBuildFile; fileRef = BBC8781F2BA7569C00F36366 /* Preview Assets.xcassets */; };
		BBC8782A2BA7569D00F36366 /* SimpleSwiftUIProjectTests.swift in Sources */ = {isa = PBXBuildFile; fileRef = BBC878292BA7569D00F36366 /* SimpleSwiftUIProjectTests.swift */; };
		BBC878342BA7569D00F36366 /* SimpleSwiftUIProjectUITests.swift in Sources */ = {isa = PBXBuildFile; fileRef = BBC878332BA7569D00F36366 /* SimpleSwiftUIProjectUITests.swift */; };
		BBC878362BA7569D00F36366 /* SimpleSwiftUIProjectUITestsLaunchTests.swift in Sources */ = {isa = PBXBuildFile; fileRef = BBC878352BA7569D00F36366 /* SimpleSwiftUIProjectUITestsLaunchTests.swift */; };
		BBE341A92BB0484500834FB1 /* SimpleDelegatePatternView.swift in Sources */ = {isa = PBXBuildFile; fileRef = BBE341A82BB0484500834FB1 /* SimpleDelegatePatternView.swift */; };
/* End PBXBuildFile section */

/* Begin PBXContainerItemProxy section */
		BBC878262BA7569D00F36366 /* PBXContainerItemProxy */ = {
			isa = PBXContainerItemProxy;
			containerPortal = BBC8780D2BA7569A00F36366 /* Project object */;
			proxyType = 1;
			remoteGlobalIDString = BBC878142BA7569A00F36366;
			remoteInfo = SimpleSwiftUIProject;
		};
		BBC878302BA7569D00F36366 /* PBXContainerItemProxy */ = {
			isa = PBXContainerItemProxy;
			containerPortal = BBC8780D2BA7569A00F36366 /* Project object */;
			proxyType = 1;
			remoteGlobalIDString = BBC878142BA7569A00F36366;
			remoteInfo = SimpleSwiftUIProject;
		};
/* End PBXContainerItemProxy section */

/* Begin PBXFileReference section */
		BBC878152BA7569A00F36366 /* SimpleSwiftUIProject.app */ = {isa = PBXFileReference; explicitFileType = wrapper.application; includeInIndex = 0; path = SimpleSwiftUIProject.app; sourceTree = BUILT_PRODUCTS_DIR; };
		BBC878182BA7569A00F36366 /* SimpleSwiftUIProjectApp.swift */ = {isa = PBXFileReference; lastKnownFileType = sourcecode.swift; path = SimpleSwiftUIProjectApp.swift; sourceTree = "<group>"; };
		BBC8781A2BA7569A00F36366 /* ContentView.swift */ = {isa = PBXFileReference; lastKnownFileType = sourcecode.swift; path = ContentView.swift; sourceTree = "<group>"; };
		BBC8781C2BA7569C00F36366 /* Assets.xcassets */ = {isa = PBXFileReference; lastKnownFileType = folder.assetcatalog; path = Assets.xcassets; sourceTree = "<group>"; };
		BBC8781F2BA7569C00F36366 /* Preview Assets.xcassets */ = {isa = PBXFileReference; lastKnownFileType = folder.assetcatalog; path = "Preview Assets.xcassets"; sourceTree = "<group>"; };
		BBC878252BA7569D00F36366 /* SimpleSwiftUIProjectTests.xctest */ = {isa = PBXFileReference; explicitFileType = wrapper.cfbundle; includeInIndex = 0; path = SimpleSwiftUIProjectTests.xctest; sourceTree = BUILT_PRODUCTS_DIR; };
		BBC878292BA7569D00F36366 /* SimpleSwiftUIProjectTests.swift */ = {isa = PBXFileReference; lastKnownFileType = sourcecode.swift; path = SimpleSwiftUIProjectTests.swift; sourceTree = "<group>"; };
		BBC8782F2BA7569D00F36366 /* SimpleSwiftUIProjectUITests.xctest */ = {isa = PBXFileReference; explicitFileType = wrapper.cfbundle; includeInIndex = 0; path = SimpleSwiftUIProjectUITests.xctest; sourceTree = BUILT_PRODUCTS_DIR; };
		BBC878332BA7569D00F36366 /* SimpleSwiftUIProjectUITests.swift */ = {isa = PBXFileReference; lastKnownFileType = sourcecode.swift; path = SimpleSwiftUIProjectUITests.swift; sourceTree = "<group>"; };
		BBC878352BA7569D00F36366 /* SimpleSwiftUIProjectUITestsLaunchTests.swift */ = {isa = PBXFileReference; lastKnownFileType = sourcecode.swift; path = SimpleSwiftUIProjectUITestsLaunchTests.swift; sourceTree = "<group>"; };
		BBE341A82BB0484500834FB1 /* SimpleDelegatePatternView.swift */ = {isa = PBXFileReference; lastKnownFileType = sourcecode.swift; path = SimpleDelegatePatternView.swift; sourceTree = "<group>"; };
/* End PBXFileReference section */

/* Begin PBXFrameworksBuildPhase section */
		BBC878122BA7569A00F36366 /* Frameworks */ = {
			isa = PBXFrameworksBuildPhase;
			buildActionMask = 2147483647;
			files = (
			);
			runOnlyForDeploymentPostprocessing = 0;
		};
		BBC878222BA7569D00F36366 /* Frameworks */ = {
			isa = PBXFrameworksBuildPhase;
			buildActionMask = 2147483647;
			files = (
			);
			runOnlyForDeploymentPostprocessing = 0;
		};
		BBC8782C2BA7569D00F36366 /* Frameworks */ = {
			isa = PBXFrameworksBuildPhase;
			buildActionMask = 2147483647;
			files = (
			);
			runOnlyForDeploymentPostprocessing = 0;
		};
/* End PBXFrameworksBuildPhase section */

/* Begin PBXGroup section */
		BBC8780C2BA7569A00F36366 = {
			isa = PBXGroup;
			children = (
				BBC878172BA7569A00F36366 /* SimpleSwiftUIProject */,
				BBC878282BA7569D00F36366 /* SimpleSwiftUIProjectTests */,
				BBC878322BA7569D00F36366 /* SimpleSwiftUIProjectUITests */,
				BBC878162BA7569A00F36366 /* Products */,
			);
			sourceTree = "<group>";
		};
		BBC878162BA7569A00F36366 /* Products */ = {
			isa = PBXGroup;
			children = (
				BBC878152BA7569A00F36366 /* SimpleSwiftUIProject.app */,
				BBC878252BA7569D00F36366 /* SimpleSwiftUIProjectTests.xctest */,
				BBC8782F2BA7569D00F36366 /* SimpleSwiftUIProjectUITests.xctest */,
			);
			name = Products;
			sourceTree = "<group>";
		};
		BBC878172BA7569A00F36366 /* SimpleSwiftUIProject */ = {
			isa = PBXGroup;
			children = (
				BBC878182BA7569A00F36366 /* SimpleSwiftUIProjectApp.swift */,
				BBC8781A2BA7569A00F36366 /* ContentView.swift */,
				BBE341A82BB0484500834FB1 /* SimpleDelegatePatternView.swift */,
				BBC8781C2BA7569C00F36366 /* Assets.xcassets */,
				BBC8781E2BA7569C00F36366 /* Preview Content */,
			);
			path = SimpleSwiftUIProject;
			sourceTree = "<group>";
		};
		BBC8781E2BA7569C00F36366 /* Preview Content */ = {
			isa = PBXGroup;
			children = (
				BBC8781F2BA7569C00F36366 /* Preview Assets.xcassets */,
			);
			path = "Preview Content";
			sourceTree = "<group>";
		};
		BBC878282BA7569D00F36366 /* SimpleSwiftUIProjectTests */ = {
			isa = PBXGroup;
			children = (
				BBC878292BA7569D00F36366 /* SimpleSwiftUIProjectTests.swift */,
			);
			path = SimpleSwiftUIProjectTests;
			sourceTree = "<group>";
		};
		BBC878322BA7569D00F36366 /* SimpleSwiftUIProjectUITests */ = {
			isa = PBXGroup;
			children = (
				BBC878332BA7569D00F36366 /* SimpleSwiftUIProjectUITests.swift */,
				BBC878352BA7569D00F36366 /* SimpleSwiftUIProjectUITestsLaunchTests.swift */,
			);
			path = SimpleSwiftUIProjectUITests;
			sourceTree = "<group>";
		};
/* End PBXGroup section */

/* Begin PBXNativeTarget section */
		BBC878142BA7569A00F36366 /* SimpleSwiftUIProject */ = {
			isa = PBXNativeTarget;
			buildConfigurationList = BBC878392BA7569D00F36366 /* Build configuration list for PBXNativeTarget "SimpleSwiftUIProject" */;
			buildPhases = (
				BBC878112BA7569A00F36366 /* Sources */,
				BBC878122BA7569A00F36366 /* Frameworks */,
				BBC878132BA7569A00F36366 /* Resources */,
			);
			buildRules = (
			);
			dependencies = (
			);
			name = SimpleSwiftUIProject;
			productName = SimpleSwiftUIProject;
			productReference = BBC878152BA7569A00F36366 /* SimpleSwiftUIProject.app */;
			productType = "com.apple.product-type.application";
		};
		BBC878242BA7569D00F36366 /* SimpleSwiftUIProjectTests */ = {
			isa = PBXNativeTarget;
			buildConfigurationList = BBC8783C2BA7569D00F36366 /* Build configuration list for PBXNativeTarget "SimpleSwiftUIProjectTests" */;
			buildPhases = (
				BBC878212BA7569D00F36366 /* Sources */,
				BBC878222BA7569D00F36366 /* Frameworks */,
				BBC878232BA7569D00F36366 /* Resources */,
			);
			buildRules = (
			);
			dependencies = (
				BBC878272BA7569D00F36366 /* PBXTargetDependency */,
			);
			name = SimpleSwiftUIProjectTests;
			productName = SimpleSwiftUIProjectTests;
			productReference = BBC878252BA7569D00F36366 /* SimpleSwiftUIProjectTests.xctest */;
			productType = "com.apple.product-type.bundle.unit-test";
		};
		BBC8782E2BA7569D00F36366 /* SimpleSwiftUIProjectUITests */ = {
			isa = PBXNativeTarget;
			buildConfigurationList = BBC8783F2BA7569D00F36366 /* Build configuration list for PBXNativeTarget "SimpleSwiftUIProjectUITests" */;
			buildPhases = (
				BBC8782B2BA7569D00F36366 /* Sources */,
				BBC8782C2BA7569D00F36366 /* Frameworks */,
				BBC8782D2BA7569D00F36366 /* Resources */,
			);
			buildRules = (
			);
			dependencies = (
				BBC878312BA7569D00F36366 /* PBXTargetDependency */,
			);
			name = SimpleSwiftUIProjectUITests;
			productName = SimpleSwiftUIProjectUITests;
			productReference = BBC8782F2BA7569D00F36366 /* SimpleSwiftUIProjectUITests.xctest */;
			productType = "com.apple.product-type.bundle.ui-testing";
		};
/* End PBXNativeTarget section */

/* Begin PBXProject section */
		BBC8780D2BA7569A00F36366 /* Project object */ = {
			isa = PBXProject;
			attributes = {
				BuildIndependentTargetsInParallel = 1;
				LastSwiftUpdateCheck = 1530;
				LastUpgradeCheck = 1530;
				TargetAttributes = {
					BBC878142BA7569A00F36366 = {
						CreatedOnToolsVersion = 15.3;
					};
					BBC878242BA7569D00F36366 = {
						CreatedOnToolsVersion = 15.3;
						TestTargetID = BBC878142BA7569A00F36366;
					};
					BBC8782E2BA7569D00F36366 = {
						CreatedOnToolsVersion = 15.3;
						TestTargetID = BBC878142BA7569A00F36366;
					};
				};
			};
			buildConfigurationList = BBC878102BA7569A00F36366 /* Build configuration list for PBXProject "SimpleSwiftUIProject" */;
			compatibilityVersion = "Xcode 14.0";
			developmentRegion = en;
			hasScannedForEncodings = 0;
			knownRegions = (
				en,
				Base,
			);
			mainGroup = BBC8780C2BA7569A00F36366;
			productRefGroup = BBC878162BA7569A00F36366 /* Products */;
			projectDirPath = "";
			projectRoot = "";
			targets = (
				BBC878142BA7569A00F36366 /* SimpleSwiftUIProject */,
				BBC878242BA7569D00F36366 /* SimpleSwiftUIProjectTests */,
				BBC8782E2BA7569D00F36366 /* SimpleSwiftUIProjectUITests */,
			);
		};
/* End PBXProject section */

/* Begin PBXResourcesBuildPhase section */
		BBC878132BA7569A00F36366 /* Resources */ = {
			isa = PBXResourcesBuildPhase;
			buildActionMask = 2147483647;
			files = (
				BBC878202BA7569C00F36366 /* Preview Assets.xcassets in Resources */,
				BBC8781D2BA7569C00F36366 /* Assets.xcassets in Resources */,
			);
			runOnlyForDeploymentPostprocessing = 0;
		};
		BBC878232BA7569D00F36366 /* Resources */ = {
			isa = PBXResourcesBuildPhase;
			buildActionMask = 2147483647;
			files = (
			);
			runOnlyForDeploymentPostprocessing = 0;
		};
		BBC8782D2BA7569D00F36366 /* Resources */ = {
			isa = PBXResourcesBuildPhase;
			buildActionMask = 2147483647;
			files = (
			);
			runOnlyForDeploymentPostprocessing = 0;
		};
/* End PBXResourcesBuildPhase section */

/* Begin PBXSourcesBuildPhase section */
		BBC878112BA7569A00F36366 /* Sources */ = {
			isa = PBXSourcesBuildPhase;
			buildActionMask = 2147483647;
			files = (
				BBC8781B2BA7569A00F36366 /* ContentView.swift in Sources */,
				BBC878192BA7569A00F36366 /* SimpleSwiftUIProjectApp.swift in Sources */,
				BBE341A92BB0484500834FB1 /* SimpleDelegatePatternView.swift in Sources */,
			);
			runOnlyForDeploymentPostprocessing = 0;
		};
		BBC878212BA7569D00F36366 /* Sources */ = {
			isa = PBXSourcesBuildPhase;
			buildActionMask = 2147483647;
			files = (
				BBC8782A2BA7569D00F36366 /* SimpleSwiftUIProjectTests.swift in Sources */,
			);
			runOnlyForDeploymentPostprocessing = 0;
		};
		BBC8782B2BA7569D00F36366 /* Sources */ = {
			isa = PBXSourcesBuildPhase;
			buildActionMask = 2147483647;
			files = (
				BBC878362BA7569D00F36366 /* SimpleSwiftUIProjectUITestsLaunchTests.swift in Sources */,
				BBC878342BA7569D00F36366 /* SimpleSwiftUIProjectUITests.swift in Sources */,
			);
			runOnlyForDeploymentPostprocessing = 0;
		};
/* End PBXSourcesBuildPhase section */

/* Begin PBXTargetDependency section */
		BBC878272BA7569D00F36366 /* PBXTargetDependency */ = {
			isa = PBXTargetDependency;
			target = BBC878142BA7569A00F36366 /* SimpleSwiftUIProject */;
			targetProxy = BBC878262BA7569D00F36366 /* PBXContainerItemProxy */;
		};
		BBC878312BA7569D00F36366 /* PBXTargetDependency */ = {
			isa = PBXTargetDependency;
			target = BBC878142BA7569A00F36366 /* SimpleSwiftUIProject */;
			targetProxy = BBC878302BA7569D00F36366 /* PBXContainerItemProxy */;
		};
/* End PBXTargetDependency section */

/* Begin XCBuildConfiguration section */
		BBC878372BA7569D00F36366 /* Debug */ = {
			isa = XCBuildConfiguration;
			buildSettings = {
				ALWAYS_SEARCH_USER_PATHS = NO;
				ASSETCATALOG_COMPILER_GENERATE_SWIFT_ASSET_SYMBOL_EXTENSIONS = YES;
				CLANG_ANALYZER_NONNULL = YES;
				CLANG_ANALYZER_NUMBER_OBJECT_CONVERSION = YES_AGGRESSIVE;
				CLANG_CXX_LANGUAGE_STANDARD = "gnu++20";
				CLANG_ENABLE_MODULES = YES;
				CLANG_ENABLE_OBJC_ARC = YES;
				CLANG_ENABLE_OBJC_WEAK = YES;
				CLANG_WARN_BLOCK_CAPTURE_AUTORELEASING = YES;
				CLANG_WARN_BOOL_CONVERSION = YES;
				CLANG_WARN_COMMA = YES;
				CLANG_WARN_CONSTANT_CONVERSION = YES;
				CLANG_WARN_DEPRECATED_OBJC_IMPLEMENTATIONS = YES;
				CLANG_WARN_DIRECT_OBJC_ISA_USAGE = YES_ERROR;
				CLANG_WARN_DOCUMENTATION_COMMENTS = YES;
				CLANG_WARN_EMPTY_BODY = YES;
				CLANG_WARN_ENUM_CONVERSION = YES;
				CLANG_WARN_INFINITE_RECURSION = YES;
				CLANG_WARN_INT_CONVERSION = YES;
				CLANG_WARN_NON_LITERAL_NULL_CONVERSION = YES;
				CLANG_WARN_OBJC_IMPLICIT_RETAIN_SELF = YES;
				CLANG_WARN_OBJC_LITERAL_CONVERSION = YES;
				CLANG_WARN_OBJC_ROOT_CLASS = YES_ERROR;
				CLANG_WARN_QUOTED_INCLUDE_IN_FRAMEWORK_HEADER = YES;
				CLANG_WARN_RANGE_LOOP_ANALYSIS = YES;
				CLANG_WARN_STRICT_PROTOTYPES = YES;
				CLANG_WARN_SUSPICIOUS_MOVE = YES;
				CLANG_WARN_UNGUARDED_AVAILABILITY = YES_AGGRESSIVE;
				CLANG_WARN_UNREACHABLE_CODE = YES;
				CLANG_WARN__DUPLICATE_METHOD_MATCH = YES;
				COPY_PHASE_STRIP = NO;
				DEBUG_INFORMATION_FORMAT = dwarf;
				ENABLE_STRICT_OBJC_MSGSEND = YES;
				ENABLE_TESTABILITY = YES;
				ENABLE_USER_SCRIPT_SANDBOXING = YES;
				GCC_C_LANGUAGE_STANDARD = gnu17;
				GCC_DYNAMIC_NO_PIC = NO;
				GCC_NO_COMMON_BLOCKS = YES;
				GCC_OPTIMIZATION_LEVEL = 0;
				GCC_PREPROCESSOR_DEFINITIONS = (
					"DEBUG=1",
					"$(inherited)",
				);
				GCC_WARN_64_TO_32_BIT_CONVERSION = YES;
				GCC_WARN_ABOUT_RETURN_TYPE = YES_ERROR;
				GCC_WARN_UNDECLARED_SELECTOR = YES;
				GCC_WARN_UNINITIALIZED_AUTOS = YES_AGGRESSIVE;
				GCC_WARN_UNUSED_FUNCTION = YES;
				GCC_WARN_UNUSED_VARIABLE = YES;
				IPHONEOS_DEPLOYMENT_TARGET = 17.4;
				LOCALIZATION_PREFERS_STRING_CATALOGS = YES;
				MTL_ENABLE_DEBUG_INFO = INCLUDE_SOURCE;
				MTL_FAST_MATH = YES;
				ONLY_ACTIVE_ARCH = YES;
				SDKROOT = iphoneos;
				SWIFT_ACTIVE_COMPILATION_CONDITIONS = "DEBUG $(inherited)";
				SWIFT_OPTIMIZATION_LEVEL = "-Onone";
			};
			name = Debug;
		};
		BBC878382BA7569D00F36366 /* Release */ = {
			isa = XCBuildConfiguration;
			buildSettings = {
				ALWAYS_SEARCH_USER_PATHS = NO;
				ASSETCATALOG_COMPILER_GENERATE_SWIFT_ASSET_SYMBOL_EXTENSIONS = YES;
				CLANG_ANALYZER_NONNULL = YES;
				CLANG_ANALYZER_NUMBER_OBJECT_CONVERSION = YES_AGGRESSIVE;
				CLANG_CXX_LANGUAGE_STANDARD = "gnu++20";
				CLANG_ENABLE_MODULES = YES;
				CLANG_ENABLE_OBJC_ARC = YES;
				CLANG_ENABLE_OBJC_WEAK = YES;
				CLANG_WARN_BLOCK_CAPTURE_AUTORELEASING = YES;
				CLANG_WARN_BOOL_CONVERSION = YES;
				CLANG_WARN_COMMA = YES;
				CLANG_WARN_CONSTANT_CONVERSION = YES;
				CLANG_WARN_DEPRECATED_OBJC_IMPLEMENTATIONS = YES;
				CLANG_WARN_DIRECT_OBJC_ISA_USAGE = YES_ERROR;
				CLANG_WARN_DOCUMENTATION_COMMENTS = YES;
				CLANG_WARN_EMPTY_BODY = YES;
				CLANG_WARN_ENUM_CONVERSION = YES;
				CLANG_WARN_INFINITE_RECURSION = YES;
				CLANG_WARN_INT_CONVERSION = YES;
				CLANG_WARN_NON_LITERAL_NULL_CONVERSION = YES;
				CLANG_WARN_OBJC_IMPLICIT_RETAIN_SELF = YES;
				CLANG_WARN_OBJC_LITERAL_CONVERSION = YES;
				CLANG_WARN_OBJC_ROOT_CLASS = YES_ERROR;
				CLANG_WARN_QUOTED_INCLUDE_IN_FRAMEWORK_HEADER = YES;
				CLANG_WARN_RANGE_LOOP_ANALYSIS = YES;
				CLANG_WARN_STRICT_PROTOTYPES = YES;
				CLANG_WARN_SUSPICIOUS_MOVE = YES;
				CLANG_WARN_UNGUARDED_AVAILABILITY = YES_AGGRESSIVE;
				CLANG_WARN_UNREACHABLE_CODE = YES;
				CLANG_WARN__DUPLICATE_METHOD_MATCH = YES;
				COPY_PHASE_STRIP = NO;
				DEBUG_INFORMATION_FORMAT = "dwarf-with-dsym";
				ENABLE_NS_ASSERTIONS = NO;
				ENABLE_STRICT_OBJC_MSGSEND = YES;
				ENABLE_USER_SCRIPT_SANDBOXING = YES;
				GCC_C_LANGUAGE_STANDARD = gnu17;
				GCC_NO_COMMON_BLOCKS = YES;
				GCC_WARN_64_TO_32_BIT_CONVERSION = YES;
				GCC_WARN_ABOUT_RETURN_TYPE = YES_ERROR;
				GCC_WARN_UNDECLARED_SELECTOR = YES;
				GCC_WARN_UNINITIALIZED_AUTOS = YES_AGGRESSIVE;
				GCC_WARN_UNUSED_FUNCTION = YES;
				GCC_WARN_UNUSED_VARIABLE = YES;
				IPHONEOS_DEPLOYMENT_TARGET = 17.4;
				LOCALIZATION_PREFERS_STRING_CATALOGS = YES;
				MTL_ENABLE_DEBUG_INFO = NO;
				MTL_FAST_MATH = YES;
				SDKROOT = iphoneos;
				SWIFT_COMPILATION_MODE = wholemodule;
				VALIDATE_PRODUCT = YES;
			};
			name = Release;
		};
		BBC8783A2BA7569D00F36366 /* Debug */ = {
			isa = XCBuildConfiguration;
			buildSettings = {
				ASSETCATALOG_COMPILER_APPICON_NAME = AppIcon;
				ASSETCATALOG_COMPILER_GLOBAL_ACCENT_COLOR_NAME = AccentColor;
				CODE_SIGN_STYLE = Automatic;
				CURRENT_PROJECT_VERSION = 1;
				DEVELOPMENT_ASSET_PATHS = "\"SimpleSwiftUIProject/Preview Content\"";
				DEVELOPMENT_TEAM = K9N3ERF77J;
				ENABLE_PREVIEWS = YES;
				GENERATE_INFOPLIST_FILE = YES;
				INFOPLIST_KEY_UIApplicationSceneManifest_Generation = YES;
				INFOPLIST_KEY_UIApplicationSupportsIndirectInputEvents = YES;
				INFOPLIST_KEY_UILaunchScreen_Generation = YES;
				INFOPLIST_KEY_UISupportedInterfaceOrientations_iPad = "UIInterfaceOrientationPortrait UIInterfaceOrientationPortraitUpsideDown UIInterfaceOrientationLandscapeLeft UIInterfaceOrientationLandscapeRight";
				INFOPLIST_KEY_UISupportedInterfaceOrientations_iPhone = "UIInterfaceOrientationPortrait UIInterfaceOrientationLandscapeLeft UIInterfaceOrientationLandscapeRight";
				LD_RUNPATH_SEARCH_PATHS = (
					"$(inherited)",
					"@executable_path/Frameworks",
				);
				MARKETING_VERSION = 1.0;
				PRODUCT_BUNDLE_IDENTIFIER = AnnJa.SimpleSwiftUIProject;
				PRODUCT_NAME = "$(TARGET_NAME)";
				SWIFT_EMIT_LOC_STRINGS = YES;
				SWIFT_VERSION = 5.0;
				TARGETED_DEVICE_FAMILY = "1,2";
			};
			name = Debug;
		};
		BBC8783B2BA7569D00F36366 /* Release */ = {
			isa = XCBuildConfiguration;
			buildSettings = {
				ASSETCATALOG_COMPILER_APPICON_NAME = AppIcon;
				ASSETCATALOG_COMPILER_GLOBAL_ACCENT_COLOR_NAME = AccentColor;
				CODE_SIGN_STYLE = Automatic;
				CURRENT_PROJECT_VERSION = 1;
				DEVELOPMENT_ASSET_PATHS = "\"SimpleSwiftUIProject/Preview Content\"";
				DEVELOPMENT_TEAM = K9N3ERF77J;
				ENABLE_PREVIEWS = YES;
				GENERATE_INFOPLIST_FILE = YES;
				INFOPLIST_KEY_UIApplicationSceneManifest_Generation = YES;
				INFOPLIST_KEY_UIApplicationSupportsIndirectInputEvents = YES;
				INFOPLIST_KEY_UILaunchScreen_Generation = YES;
				INFOPLIST_KEY_UISupportedInterfaceOrientations_iPad = "UIInterfaceOrientationPortrait UIInterfaceOrientationPortraitUpsideDown UIInterfaceOrientationLandscapeLeft UIInterfaceOrientationLandscapeRight";
				INFOPLIST_KEY_UISupportedInterfaceOrientations_iPhone = "UIInterfaceOrientationPortrait UIInterfaceOrientationLandscapeLeft UIInterfaceOrientationLandscapeRight";
				LD_RUNPATH_SEARCH_PATHS = (
					"$(inherited)",
					"@executable_path/Frameworks",
				);
				MARKETING_VERSION = 1.0;
				PRODUCT_BUNDLE_IDENTIFIER = AnnJa.SimpleSwiftUIProject;
				PRODUCT_NAME = "$(TARGET_NAME)";
				SWIFT_EMIT_LOC_STRINGS = YES;
				SWIFT_VERSION = 5.0;
				TARGETED_DEVICE_FAMILY = "1,2";
			};
			name = Release;
		};
		BBC8783D2BA7569D00F36366 /* Debug */ = {
			isa = XCBuildConfiguration;
			buildSettings = {
				ALWAYS_EMBED_SWIFT_STANDARD_LIBRARIES = YES;
				BUNDLE_LOADER = "$(TEST_HOST)";
				CODE_SIGN_STYLE = Automatic;
				CURRENT_PROJECT_VERSION = 1;
				DEVELOPMENT_TEAM = K9N3ERF77J;
				GENERATE_INFOPLIST_FILE = YES;
				IPHONEOS_DEPLOYMENT_TARGET = 17.4;
				MARKETING_VERSION = 1.0;
				PRODUCT_BUNDLE_IDENTIFIER = AnnJa.SimpleSwiftUIProjectTests;
				PRODUCT_NAME = "$(TARGET_NAME)";
				SWIFT_EMIT_LOC_STRINGS = NO;
				SWIFT_VERSION = 5.0;
				TARGETED_DEVICE_FAMILY = "1,2";
				TEST_HOST = "$(BUILT_PRODUCTS_DIR)/SimpleSwiftUIProject.app/$(BUNDLE_EXECUTABLE_FOLDER_PATH)/SimpleSwiftUIProject";
			};
			name = Debug;
		};
		BBC8783E2BA7569D00F36366 /* Release */ = {
			isa = XCBuildConfiguration;
			buildSettings = {
				ALWAYS_EMBED_SWIFT_STANDARD_LIBRARIES = YES;
				BUNDLE_LOADER = "$(TEST_HOST)";
				CODE_SIGN_STYLE = Automatic;
				CURRENT_PROJECT_VERSION = 1;
				DEVELOPMENT_TEAM = K9N3ERF77J;
				GENERATE_INFOPLIST_FILE = YES;
				IPHONEOS_DEPLOYMENT_TARGET = 17.4;
				MARKETING_VERSION = 1.0;
				PRODUCT_BUNDLE_IDENTIFIER = AnnJa.SimpleSwiftUIProjectTests;
				PRODUCT_NAME = "$(TARGET_NAME)";
				SWIFT_EMIT_LOC_STRINGS = NO;
				SWIFT_VERSION = 5.0;
				TARGETED_DEVICE_FAMILY = "1,2";
				TEST_HOST = "$(BUILT_PRODUCTS_DIR)/SimpleSwiftUIProject.app/$(BUNDLE_EXECUTABLE_FOLDER_PATH)/SimpleSwiftUIProject";
			};
			name = Release;
		};
		BBC878402BA7569D00F36366 /* Debug */ = {
			isa = XCBuildConfiguration;
			buildSettings = {
				ALWAYS_EMBED_SWIFT_STANDARD_LIBRARIES = YES;
				CODE_SIGN_STYLE = Automatic;
				CURRENT_PROJECT_VERSION = 1;
				DEVELOPMENT_TEAM = K9N3ERF77J;
				GENERATE_INFOPLIST_FILE = YES;
				MARKETING_VERSION = 1.0;
				PRODUCT_BUNDLE_IDENTIFIER = AnnJa.SimpleSwiftUIProjectUITests;
				PRODUCT_NAME = "$(TARGET_NAME)";
				SWIFT_EMIT_LOC_STRINGS = NO;
				SWIFT_VERSION = 5.0;
				TARGETED_DEVICE_FAMILY = "1,2";
				TEST_TARGET_NAME = SimpleSwiftUIProject;
			};
			name = Debug;
		};
		BBC878412BA7569D00F36366 /* Release */ = {
			isa = XCBuildConfiguration;
			buildSettings = {
				ALWAYS_EMBED_SWIFT_STANDARD_LIBRARIES = YES;
				CODE_SIGN_STYLE = Automatic;
				CURRENT_PROJECT_VERSION = 1;
				DEVELOPMENT_TEAM = K9N3ERF77J;
				GENERATE_INFOPLIST_FILE = YES;
				MARKETING_VERSION = 1.0;
				PRODUCT_BUNDLE_IDENTIFIER = AnnJa.SimpleSwiftUIProjectUITests;
				PRODUCT_NAME = "$(TARGET_NAME)";
				SWIFT_EMIT_LOC_STRINGS = NO;
				SWIFT_VERSION = 5.0;
				TARGETED_DEVICE_FAMILY = "1,2";
				TEST_TARGET_NAME = SimpleSwiftUIProject;
			};
			name = Release;
		};
/* End XCBuildConfiguration section */

/* Begin XCConfigurationList section */
		BBC878102BA7569A00F36366 /* Build configuration list for PBXProject "SimpleSwiftUIProject" */ = {
			isa = XCConfigurationList;
			buildConfigurations = (
				BBC878372BA7569D00F36366 /* Debug */,
				BBC878382BA7569D00F36366 /* Release */,
			);
			defaultConfigurationIsVisible = 0;
			defaultConfigurationName = Release;
		};
		BBC878392BA7569D00F36366 /* Build configuration list for PBXNativeTarget "SimpleSwiftUIProject" */ = {
			isa = XCConfigurationList;
			buildConfigurations = (
				BBC8783A2BA7569D00F36366 /* Debug */,
				BBC8783B2BA7569D00F36366 /* Release */,
			);
			defaultConfigurationIsVisible = 0;
			defaultConfigurationName = Release;
		};
		BBC8783C2BA7569D00F36366 /* Build configuration list for PBXNativeTarget "SimpleSwiftUIProjectTests" */ = {
			isa = XCConfigurationList;
			buildConfigurations = (
				BBC8783D2BA7569D00F36366 /* Debug */,
				BBC8783E2BA7569D00F36366 /* Release */,
			);
			defaultConfigurationIsVisible = 0;
			defaultConfigurationName = Release;
		};
		BBC8783F2BA7569D00F36366 /* Build configuration list for PBXNativeTarget "SimpleSwiftUIProjectUITests" */ = {
			isa = XCConfigurationList;
			buildConfigurations = (
				BBC878402BA7569D00F36366 /* Debug */,
				BBC878412BA7569D00F36366 /* Release */,
			);
			defaultConfigurationIsVisible = 0;
			defaultConfigurationName = Release;
		};
/* End XCConfigurationList section */
	};
	rootObject = BBC8780D2BA7569A00F36366 /* Project object */;
}
