// !$*UTF8*$!
{
	archiveVersion = 1;
	classes = {
	};
	objectVersion = 55;
	objects = {

/* Begin PBXBuildFile section */
		BBDD1BFC278991110069748B /* AppDelegate.swift in Sources */ = {isa = PBXBuildFile; fileRef = BBDD1BFB278991110069748B /* AppDelegate.swift */; };
		BBDD1BFE278991150069748B /* SceneDelegate.swift in Sources */ = {isa = PBXBuildFile; fileRef = BBDD1BFD278991150069748B /* SceneDelegate.swift */; };
		BBDD1C03278991150069748B /* Main.storyboard in Resources */ = {isa = PBXBuildFile; fileRef = BBDD1C01278991150069748B /* Main.storyboard */; };
		BBDD1C05278991180069748B /* Assets.xcassets in Resources */ = {isa = PBXBuildFile; fileRef = BBDD1C04278991180069748B /* Assets.xcassets */; };
		BBDD1C08278991180069748B /* LaunchScreen.storyboard in Resources */ = {isa = PBXBuildFile; fileRef = BBDD1C06278991180069748B /* LaunchScreen.storyboard */; };
		BBDD1C13278991180069748B /* NewsAppTests.swift in Sources */ = {isa = PBXBuildFile; fileRef = BBDD1C12278991180069748B /* NewsAppTests.swift */; };
		BBDD1C1D278991180069748B /* NewsAppUITests.swift in Sources */ = {isa = PBXBuildFile; fileRef = BBDD1C1C278991180069748B /* NewsAppUITests.swift */; };
		BBDD1C1F278991180069748B /* NewsAppUITestsLaunchTests.swift in Sources */ = {isa = PBXBuildFile; fileRef = BBDD1C1E278991180069748B /* NewsAppUITestsLaunchTests.swift */; };
		BBDD1C2D2789986F0069748B /* Lottie in Frameworks */ = {isa = PBXBuildFile; productRef = BBDD1C2C2789986F0069748B /* Lottie */; };
		BBDD1C2F278998B30069748B /* LaunchVC.swift in Sources */ = {isa = PBXBuildFile; fileRef = BBDD1C2E278998B30069748B /* LaunchVC.swift */; };
		BBDD1C3127899B490069748B /* dino.json in Resources */ = {isa = PBXBuildFile; fileRef = BBDD1C3027899B480069748B /* dino.json */; };
		BBDD1C332789B1240069748B /* MainNewsVC.swift in Sources */ = {isa = PBXBuildFile; fileRef = BBDD1C322789B1240069748B /* MainNewsVC.swift */; };
		BBDD1C352789C2800069748B /* DemoVC.swift in Sources */ = {isa = PBXBuildFile; fileRef = BBDD1C342789C2800069748B /* DemoVC.swift */; };
		BBDD1C372789CC700069748B /* NewsSection.swift in Sources */ = {isa = PBXBuildFile; fileRef = BBDD1C362789CC700069748B /* NewsSection.swift */; };
		BBDD1C392789D73B0069748B /* NewsTableViewCell.swift in Sources */ = {isa = PBXBuildFile; fileRef = BBDD1C382789D73B0069748B /* NewsTableViewCell.swift */; };
		BBDD1C3C278A9FCD0069748B /* News.swift in Sources */ = {isa = PBXBuildFile; fileRef = BBDD1C3B278A9FCD0069748B /* News.swift */; };
		BBDD1C3E278AA3190069748B /* NewsCategory.swift in Sources */ = {isa = PBXBuildFile; fileRef = BBDD1C3D278AA3190069748B /* NewsCategory.swift */; };
		BBDD1C40278AA75D0069748B /* NewsStatus.swift in Sources */ = {isa = PBXBuildFile; fileRef = BBDD1C3F278AA75D0069748B /* NewsStatus.swift */; };
		BBDD1C42278B24230069748B /* NewsVC.swift in Sources */ = {isa = PBXBuildFile; fileRef = BBDD1C41278B24230069748B /* NewsVC.swift */; };
		BBFE53CF279134F9006D05B3 /* NewsFetcher.swift in Sources */ = {isa = PBXBuildFile; fileRef = BBFE53CE279134F9006D05B3 /* NewsFetcher.swift */; };
/* End PBXBuildFile section */

/* Begin PBXContainerItemProxy section */
		BBDD1C0F278991180069748B /* PBXContainerItemProxy */ = {
			isa = PBXContainerItemProxy;
			containerPortal = BBDD1BF0278991100069748B /* Project object */;
			proxyType = 1;
			remoteGlobalIDString = BBDD1BF7278991100069748B;
			remoteInfo = NewsApp;
		};
		BBDD1C19278991180069748B /* PBXContainerItemProxy */ = {
			isa = PBXContainerItemProxy;
			containerPortal = BBDD1BF0278991100069748B /* Project object */;
			proxyType = 1;
			remoteGlobalIDString = BBDD1BF7278991100069748B;
			remoteInfo = NewsApp;
		};
/* End PBXContainerItemProxy section */

/* Begin PBXFileReference section */
		BBDD1BF8278991100069748B /* NewsApp.app */ = {isa = PBXFileReference; explicitFileType = wrapper.application; includeInIndex = 0; path = NewsApp.app; sourceTree = BUILT_PRODUCTS_DIR; };
		BBDD1BFB278991110069748B /* AppDelegate.swift */ = {isa = PBXFileReference; lastKnownFileType = sourcecode.swift; path = AppDelegate.swift; sourceTree = "<group>"; };
		BBDD1BFD278991150069748B /* SceneDelegate.swift */ = {isa = PBXFileReference; lastKnownFileType = sourcecode.swift; path = SceneDelegate.swift; sourceTree = "<group>"; };
		BBDD1C02278991150069748B /* Base */ = {isa = PBXFileReference; lastKnownFileType = file.storyboard; name = Base; path = Base.lproj/Main.storyboard; sourceTree = "<group>"; };
		BBDD1C04278991180069748B /* Assets.xcassets */ = {isa = PBXFileReference; lastKnownFileType = folder.assetcatalog; path = Assets.xcassets; sourceTree = "<group>"; };
		BBDD1C07278991180069748B /* Base */ = {isa = PBXFileReference; lastKnownFileType = file.storyboard; name = Base; path = Base.lproj/LaunchScreen.storyboard; sourceTree = "<group>"; };
		BBDD1C09278991180069748B /* Info.plist */ = {isa = PBXFileReference; lastKnownFileType = text.plist.xml; path = Info.plist; sourceTree = "<group>"; };
		BBDD1C0E278991180069748B /* NewsAppTests.xctest */ = {isa = PBXFileReference; explicitFileType = wrapper.cfbundle; includeInIndex = 0; path = NewsAppTests.xctest; sourceTree = BUILT_PRODUCTS_DIR; };
		BBDD1C12278991180069748B /* NewsAppTests.swift */ = {isa = PBXFileReference; lastKnownFileType = sourcecode.swift; path = NewsAppTests.swift; sourceTree = "<group>"; };
		BBDD1C18278991180069748B /* NewsAppUITests.xctest */ = {isa = PBXFileReference; explicitFileType = wrapper.cfbundle; includeInIndex = 0; path = NewsAppUITests.xctest; sourceTree = BUILT_PRODUCTS_DIR; };
		BBDD1C1C278991180069748B /* NewsAppUITests.swift */ = {isa = PBXFileReference; lastKnownFileType = sourcecode.swift; path = NewsAppUITests.swift; sourceTree = "<group>"; };
		BBDD1C1E278991180069748B /* NewsAppUITestsLaunchTests.swift */ = {isa = PBXFileReference; lastKnownFileType = sourcecode.swift; path = NewsAppUITestsLaunchTests.swift; sourceTree = "<group>"; };
		BBDD1C2E278998B30069748B /* LaunchVC.swift */ = {isa = PBXFileReference; lastKnownFileType = sourcecode.swift; path = LaunchVC.swift; sourceTree = "<group>"; };
		BBDD1C3027899B480069748B /* dino.json */ = {isa = PBXFileReference; fileEncoding = 4; lastKnownFileType = text.json; path = dino.json; sourceTree = "<group>"; };
		BBDD1C322789B1240069748B /* MainNewsVC.swift */ = {isa = PBXFileReference; lastKnownFileType = sourcecode.swift; path = MainNewsVC.swift; sourceTree = "<group>"; };
		BBDD1C342789C2800069748B /* DemoVC.swift */ = {isa = PBXFileReference; lastKnownFileType = sourcecode.swift; path = DemoVC.swift; sourceTree = "<group>"; };
		BBDD1C362789CC700069748B /* NewsSection.swift */ = {isa = PBXFileReference; lastKnownFileType = sourcecode.swift; path = NewsSection.swift; sourceTree = "<group>"; };
		BBDD1C382789D73B0069748B /* NewsTableViewCell.swift */ = {isa = PBXFileReference; lastKnownFileType = sourcecode.swift; path = NewsTableViewCell.swift; sourceTree = "<group>"; };
		BBDD1C3B278A9FCD0069748B /* News.swift */ = {isa = PBXFileReference; lastKnownFileType = sourcecode.swift; path = News.swift; sourceTree = "<group>"; };
		BBDD1C3D278AA3190069748B /* NewsCategory.swift */ = {isa = PBXFileReference; lastKnownFileType = sourcecode.swift; path = NewsCategory.swift; sourceTree = "<group>"; };
		BBDD1C3F278AA75D0069748B /* NewsStatus.swift */ = {isa = PBXFileReference; lastKnownFileType = sourcecode.swift; path = NewsStatus.swift; sourceTree = "<group>"; };
		BBDD1C41278B24230069748B /* NewsVC.swift */ = {isa = PBXFileReference; lastKnownFileType = sourcecode.swift; path = NewsVC.swift; sourceTree = "<group>"; };
		BBFE53CE279134F9006D05B3 /* NewsFetcher.swift */ = {isa = PBXFileReference; lastKnownFileType = sourcecode.swift; path = NewsFetcher.swift; sourceTree = "<group>"; };
/* End PBXFileReference section */

/* Begin PBXFrameworksBuildPhase section */
		BBDD1BF5278991100069748B /* Frameworks */ = {
			isa = PBXFrameworksBuildPhase;
			buildActionMask = 2147483647;
			files = (
				BBDD1C2D2789986F0069748B /* Lottie in Frameworks */,
			);
			runOnlyForDeploymentPostprocessing = 0;
		};
		BBDD1C0B278991180069748B /* Frameworks */ = {
			isa = PBXFrameworksBuildPhase;
			buildActionMask = 2147483647;
			files = (
			);
			runOnlyForDeploymentPostprocessing = 0;
		};
		BBDD1C15278991180069748B /* Frameworks */ = {
			isa = PBXFrameworksBuildPhase;
			buildActionMask = 2147483647;
			files = (
			);
			runOnlyForDeploymentPostprocessing = 0;
		};
/* End PBXFrameworksBuildPhase section */

/* Begin PBXGroup section */
		BBDD1BEF278991100069748B = {
			isa = PBXGroup;
			children = (
				BBDD1BFA278991100069748B /* NewsApp */,
				BBDD1C11278991180069748B /* NewsAppTests */,
				BBDD1C1B278991180069748B /* NewsAppUITests */,
				BBDD1BF9278991100069748B /* Products */,
			);
			sourceTree = "<group>";
		};
		BBDD1BF9278991100069748B /* Products */ = {
			isa = PBXGroup;
			children = (
				BBDD1BF8278991100069748B /* NewsApp.app */,
				BBDD1C0E278991180069748B /* NewsAppTests.xctest */,
				BBDD1C18278991180069748B /* NewsAppUITests.xctest */,
			);
			name = Products;
			sourceTree = "<group>";
		};
		BBDD1BFA278991100069748B /* NewsApp */ = {
			isa = PBXGroup;
			children = (
				BBDD1C3027899B480069748B /* dino.json */,
				BBDD1BFB278991110069748B /* AppDelegate.swift */,
				BBDD1BFD278991150069748B /* SceneDelegate.swift */,
				BBDD1C2E278998B30069748B /* LaunchVC.swift */,
				BBDD1C41278B24230069748B /* NewsVC.swift */,
				BBFE53CE279134F9006D05B3 /* NewsFetcher.swift */,
				BBDD1C342789C2800069748B /* DemoVC.swift */,
				BBDD1C43278B24510069748B /* Data model */,
				BBDD1C3A278A9F970069748B /* MainNewsScreen */,
				BBDD1C01278991150069748B /* Main.storyboard */,
				BBDD1C04278991180069748B /* Assets.xcassets */,
				BBDD1C06278991180069748B /* LaunchScreen.storyboard */,
				BBDD1C09278991180069748B /* Info.plist */,
			);
			path = NewsApp;
			sourceTree = "<group>";
		};
		BBDD1C11278991180069748B /* NewsAppTests */ = {
			isa = PBXGroup;
			children = (
				BBDD1C12278991180069748B /* NewsAppTests.swift */,
			);
			path = NewsAppTests;
			sourceTree = "<group>";
		};
		BBDD1C1B278991180069748B /* NewsAppUITests */ = {
			isa = PBXGroup;
			children = (
				BBDD1C1C278991180069748B /* NewsAppUITests.swift */,
				BBDD1C1E278991180069748B /* NewsAppUITestsLaunchTests.swift */,
			);
			path = NewsAppUITests;
			sourceTree = "<group>";
		};
		BBDD1C3A278A9F970069748B /* MainNewsScreen */ = {
			isa = PBXGroup;
			children = (
				BBDD1C322789B1240069748B /* MainNewsVC.swift */,
				BBDD1C382789D73B0069748B /* NewsTableViewCell.swift */,
				BBDD1C362789CC700069748B /* NewsSection.swift */,
			);
			path = MainNewsScreen;
			sourceTree = "<group>";
		};
		BBDD1C43278B24510069748B /* Data model */ = {
			isa = PBXGroup;
			children = (
				BBDD1C3F278AA75D0069748B /* NewsStatus.swift */,
				BBDD1C3D278AA3190069748B /* NewsCategory.swift */,
				BBDD1C3B278A9FCD0069748B /* News.swift */,
			);
			path = "Data model";
			sourceTree = "<group>";
		};
/* End PBXGroup section */

/* Begin PBXNativeTarget section */
		BBDD1BF7278991100069748B /* NewsApp */ = {
			isa = PBXNativeTarget;
			buildConfigurationList = BBDD1C22278991180069748B /* Build configuration list for PBXNativeTarget "NewsApp" */;
			buildPhases = (
				BBDD1BF4278991100069748B /* Sources */,
				BBDD1BF5278991100069748B /* Frameworks */,
				BBDD1BF6278991100069748B /* Resources */,
			);
			buildRules = (
			);
			dependencies = (
			);
			name = NewsApp;
			packageProductDependencies = (
				BBDD1C2C2789986F0069748B /* Lottie */,
			);
			productName = NewsApp;
			productReference = BBDD1BF8278991100069748B /* NewsApp.app */;
			productType = "com.apple.product-type.application";
		};
		BBDD1C0D278991180069748B /* NewsAppTests */ = {
			isa = PBXNativeTarget;
			buildConfigurationList = BBDD1C25278991180069748B /* Build configuration list for PBXNativeTarget "NewsAppTests" */;
			buildPhases = (
				BBDD1C0A278991180069748B /* Sources */,
				BBDD1C0B278991180069748B /* Frameworks */,
				BBDD1C0C278991180069748B /* Resources */,
			);
			buildRules = (
			);
			dependencies = (
				BBDD1C10278991180069748B /* PBXTargetDependency */,
			);
			name = NewsAppTests;
			productName = NewsAppTests;
			productReference = BBDD1C0E278991180069748B /* NewsAppTests.xctest */;
			productType = "com.apple.product-type.bundle.unit-test";
		};
		BBDD1C17278991180069748B /* NewsAppUITests */ = {
			isa = PBXNativeTarget;
			buildConfigurationList = BBDD1C28278991180069748B /* Build configuration list for PBXNativeTarget "NewsAppUITests" */;
			buildPhases = (
				BBDD1C14278991180069748B /* Sources */,
				BBDD1C15278991180069748B /* Frameworks */,
				BBDD1C16278991180069748B /* Resources */,
			);
			buildRules = (
			);
			dependencies = (
				BBDD1C1A278991180069748B /* PBXTargetDependency */,
			);
			name = NewsAppUITests;
			productName = NewsAppUITests;
			productReference = BBDD1C18278991180069748B /* NewsAppUITests.xctest */;
			productType = "com.apple.product-type.bundle.ui-testing";
		};
/* End PBXNativeTarget section */

/* Begin PBXProject section */
		BBDD1BF0278991100069748B /* Project object */ = {
			isa = PBXProject;
			attributes = {
				BuildIndependentTargetsInParallel = 1;
				LastSwiftUpdateCheck = 1320;
				LastUpgradeCheck = 1320;
				TargetAttributes = {
					BBDD1BF7278991100069748B = {
						CreatedOnToolsVersion = 13.2.1;
					};
					BBDD1C0D278991180069748B = {
						CreatedOnToolsVersion = 13.2.1;
						TestTargetID = BBDD1BF7278991100069748B;
					};
					BBDD1C17278991180069748B = {
						CreatedOnToolsVersion = 13.2.1;
						TestTargetID = BBDD1BF7278991100069748B;
					};
				};
			};
			buildConfigurationList = BBDD1BF3278991100069748B /* Build configuration list for PBXProject "NewsApp" */;
			compatibilityVersion = "Xcode 13.0";
			developmentRegion = en;
			hasScannedForEncodings = 0;
			knownRegions = (
				en,
				Base,
			);
			mainGroup = BBDD1BEF278991100069748B;
			packageReferences = (
				BBDD1C2B2789986F0069748B /* XCRemoteSwiftPackageReference "lottie-ios" */,
			);
			productRefGroup = BBDD1BF9278991100069748B /* Products */;
			projectDirPath = "";
			projectRoot = "";
			targets = (
				BBDD1BF7278991100069748B /* NewsApp */,
				BBDD1C0D278991180069748B /* NewsAppTests */,
				BBDD1C17278991180069748B /* NewsAppUITests */,
			);
		};
/* End PBXProject section */

/* Begin PBXResourcesBuildPhase section */
		BBDD1BF6278991100069748B /* Resources */ = {
			isa = PBXResourcesBuildPhase;
			buildActionMask = 2147483647;
			files = (
				BBDD1C08278991180069748B /* LaunchScreen.storyboard in Resources */,
				BBDD1C05278991180069748B /* Assets.xcassets in Resources */,
				BBDD1C03278991150069748B /* Main.storyboard in Resources */,
				BBDD1C3127899B490069748B /* dino.json in Resources */,
			);
			runOnlyForDeploymentPostprocessing = 0;
		};
		BBDD1C0C278991180069748B /* Resources */ = {
			isa = PBXResourcesBuildPhase;
			buildActionMask = 2147483647;
			files = (
			);
			runOnlyForDeploymentPostprocessing = 0;
		};
		BBDD1C16278991180069748B /* Resources */ = {
			isa = PBXResourcesBuildPhase;
			buildActionMask = 2147483647;
			files = (
			);
			runOnlyForDeploymentPostprocessing = 0;
		};
/* End PBXResourcesBuildPhase section */

/* Begin PBXSourcesBuildPhase section */
		BBDD1BF4278991100069748B /* Sources */ = {
			isa = PBXSourcesBuildPhase;
			buildActionMask = 2147483647;
			files = (
				BBDD1C40278AA75D0069748B /* NewsStatus.swift in Sources */,
				BBDD1C372789CC700069748B /* NewsSection.swift in Sources */,
				BBFE53CF279134F9006D05B3 /* NewsFetcher.swift in Sources */,
				BBDD1C392789D73B0069748B /* NewsTableViewCell.swift in Sources */,
				BBDD1C3E278AA3190069748B /* NewsCategory.swift in Sources */,
				BBDD1C3C278A9FCD0069748B /* News.swift in Sources */,
				BBDD1C42278B24230069748B /* NewsVC.swift in Sources */,
				BBDD1C2F278998B30069748B /* LaunchVC.swift in Sources */,
				BBDD1C332789B1240069748B /* MainNewsVC.swift in Sources */,
				BBDD1BFC278991110069748B /* AppDelegate.swift in Sources */,
				BBDD1BFE278991150069748B /* SceneDelegate.swift in Sources */,
				BBDD1C352789C2800069748B /* DemoVC.swift in Sources */,
			);
			runOnlyForDeploymentPostprocessing = 0;
		};
		BBDD1C0A278991180069748B /* Sources */ = {
			isa = PBXSourcesBuildPhase;
			buildActionMask = 2147483647;
			files = (
				BBDD1C13278991180069748B /* NewsAppTests.swift in Sources */,
			);
			runOnlyForDeploymentPostprocessing = 0;
		};
		BBDD1C14278991180069748B /* Sources */ = {
			isa = PBXSourcesBuildPhase;
			buildActionMask = 2147483647;
			files = (
				BBDD1C1D278991180069748B /* NewsAppUITests.swift in Sources */,
				BBDD1C1F278991180069748B /* NewsAppUITestsLaunchTests.swift in Sources */,
			);
			runOnlyForDeploymentPostprocessing = 0;
		};
/* End PBXSourcesBuildPhase section */

/* Begin PBXTargetDependency section */
		BBDD1C10278991180069748B /* PBXTargetDependency */ = {
			isa = PBXTargetDependency;
			target = BBDD1BF7278991100069748B /* NewsApp */;
			targetProxy = BBDD1C0F278991180069748B /* PBXContainerItemProxy */;
		};
		BBDD1C1A278991180069748B /* PBXTargetDependency */ = {
			isa = PBXTargetDependency;
			target = BBDD1BF7278991100069748B /* NewsApp */;
			targetProxy = BBDD1C19278991180069748B /* PBXContainerItemProxy */;
		};
/* End PBXTargetDependency section */

/* Begin PBXVariantGroup section */
		BBDD1C01278991150069748B /* Main.storyboard */ = {
			isa = PBXVariantGroup;
			children = (
				BBDD1C02278991150069748B /* Base */,
			);
			name = Main.storyboard;
			sourceTree = "<group>";
		};
		BBDD1C06278991180069748B /* LaunchScreen.storyboard */ = {
			isa = PBXVariantGroup;
			children = (
				BBDD1C07278991180069748B /* Base */,
			);
			name = LaunchScreen.storyboard;
			sourceTree = "<group>";
		};
/* End PBXVariantGroup section */

/* Begin XCBuildConfiguration section */
		BBDD1C20278991180069748B /* Debug */ = {
			isa = XCBuildConfiguration;
			buildSettings = {
				ALWAYS_SEARCH_USER_PATHS = NO;
				CLANG_ANALYZER_NONNULL = YES;
				CLANG_ANALYZER_NUMBER_OBJECT_CONVERSION = YES_AGGRESSIVE;
				CLANG_CXX_LANGUAGE_STANDARD = "gnu++17";
				CLANG_CXX_LIBRARY = "libc++";
				CLANG_ENABLE_MODULES = YES;
				CLANG_ENABLE_OBJC_ARC = YES;
				CLANG_ENABLE_OBJC_WEAK = YES;
				CLANG_WARN_BLOCK_CAPTURE_AUTORELEASING = YES;
				CLANG_WARN_BOOL_CONVERSION = YES;
				CLANG_WARN_COMMA = YES;
				CLANG_WARN_CONSTANT_CONVERSION = YES;
				CLANG_WARN_DEPRECATED_OBJC_IMPLEMENTATIONS = YES;
				CLANG_WARN_DIRECT_OBJC_ISA_USAGE = YES_ERROR;
				CLANG_WARN_DOCUMENTATION_COMMENTS = YES;
				CLANG_WARN_EMPTY_BODY = YES;
				CLANG_WARN_ENUM_CONVERSION = YES;
				CLANG_WARN_INFINITE_RECURSION = YES;
				CLANG_WARN_INT_CONVERSION = YES;
				CLANG_WARN_NON_LITERAL_NULL_CONVERSION = YES;
				CLANG_WARN_OBJC_IMPLICIT_RETAIN_SELF = YES;
				CLANG_WARN_OBJC_LITERAL_CONVERSION = YES;
				CLANG_WARN_OBJC_ROOT_CLASS = YES_ERROR;
				CLANG_WARN_QUOTED_INCLUDE_IN_FRAMEWORK_HEADER = YES;
				CLANG_WARN_RANGE_LOOP_ANALYSIS = YES;
				CLANG_WARN_STRICT_PROTOTYPES = YES;
				CLANG_WARN_SUSPICIOUS_MOVE = YES;
				CLANG_WARN_UNGUARDED_AVAILABILITY = YES_AGGRESSIVE;
				CLANG_WARN_UNREACHABLE_CODE = YES;
				CLANG_WARN__DUPLICATE_METHOD_MATCH = YES;
				COPY_PHASE_STRIP = NO;
				DEBUG_INFORMATION_FORMAT = dwarf;
				ENABLE_STRICT_OBJC_MSGSEND = YES;
				ENABLE_TESTABILITY = YES;
				GCC_C_LANGUAGE_STANDARD = gnu11;
				GCC_DYNAMIC_NO_PIC = NO;
				GCC_NO_COMMON_BLOCKS = YES;
				GCC_OPTIMIZATION_LEVEL = 0;
				GCC_PREPROCESSOR_DEFINITIONS = (
					"DEBUG=1",
					"$(inherited)",
				);
				GCC_WARN_64_TO_32_BIT_CONVERSION = YES;
				GCC_WARN_ABOUT_RETURN_TYPE = YES_ERROR;
				GCC_WARN_UNDECLARED_SELECTOR = YES;
				GCC_WARN_UNINITIALIZED_AUTOS = YES_AGGRESSIVE;
				GCC_WARN_UNUSED_FUNCTION = YES;
				GCC_WARN_UNUSED_VARIABLE = YES;
				IPHONEOS_DEPLOYMENT_TARGET = 15.2;
				MTL_ENABLE_DEBUG_INFO = INCLUDE_SOURCE;
				MTL_FAST_MATH = YES;
				ONLY_ACTIVE_ARCH = YES;
				SDKROOT = iphoneos;
				SWIFT_ACTIVE_COMPILATION_CONDITIONS = DEBUG;
				SWIFT_OPTIMIZATION_LEVEL = "-Onone";
			};
			name = Debug;
		};
		BBDD1C21278991180069748B /* Release */ = {
			isa = XCBuildConfiguration;
			buildSettings = {
				ALWAYS_SEARCH_USER_PATHS = NO;
				CLANG_ANALYZER_NONNULL = YES;
				CLANG_ANALYZER_NUMBER_OBJECT_CONVERSION = YES_AGGRESSIVE;
				CLANG_CXX_LANGUAGE_STANDARD = "gnu++17";
				CLANG_CXX_LIBRARY = "libc++";
				CLANG_ENABLE_MODULES = YES;
				CLANG_ENABLE_OBJC_ARC = YES;
				CLANG_ENABLE_OBJC_WEAK = YES;
				CLANG_WARN_BLOCK_CAPTURE_AUTORELEASING = YES;
				CLANG_WARN_BOOL_CONVERSION = YES;
				CLANG_WARN_COMMA = YES;
				CLANG_WARN_CONSTANT_CONVERSION = YES;
				CLANG_WARN_DEPRECATED_OBJC_IMPLEMENTATIONS = YES;
				CLANG_WARN_DIRECT_OBJC_ISA_USAGE = YES_ERROR;
				CLANG_WARN_DOCUMENTATION_COMMENTS = YES;
				CLANG_WARN_EMPTY_BODY = YES;
				CLANG_WARN_ENUM_CONVERSION = YES;
				CLANG_WARN_INFINITE_RECURSION = YES;
				CLANG_WARN_INT_CONVERSION = YES;
				CLANG_WARN_NON_LITERAL_NULL_CONVERSION = YES;
				CLANG_WARN_OBJC_IMPLICIT_RETAIN_SELF = YES;
				CLANG_WARN_OBJC_LITERAL_CONVERSION = YES;
				CLANG_WARN_OBJC_ROOT_CLASS = YES_ERROR;
				CLANG_WARN_QUOTED_INCLUDE_IN_FRAMEWORK_HEADER = YES;
				CLANG_WARN_RANGE_LOOP_ANALYSIS = YES;
				CLANG_WARN_STRICT_PROTOTYPES = YES;
				CLANG_WARN_SUSPICIOUS_MOVE = YES;
				CLANG_WARN_UNGUARDED_AVAILABILITY = YES_AGGRESSIVE;
				CLANG_WARN_UNREACHABLE_CODE = YES;
				CLANG_WARN__DUPLICATE_METHOD_MATCH = YES;
				COPY_PHASE_STRIP = NO;
				DEBUG_INFORMATION_FORMAT = "dwarf-with-dsym";
				ENABLE_NS_ASSERTIONS = NO;
				ENABLE_STRICT_OBJC_MSGSEND = YES;
				GCC_C_LANGUAGE_STANDARD = gnu11;
				GCC_NO_COMMON_BLOCKS = YES;
				GCC_WARN_64_TO_32_BIT_CONVERSION = YES;
				GCC_WARN_ABOUT_RETURN_TYPE = YES_ERROR;
				GCC_WARN_UNDECLARED_SELECTOR = YES;
				GCC_WARN_UNINITIALIZED_AUTOS = YES_AGGRESSIVE;
				GCC_WARN_UNUSED_FUNCTION = YES;
				GCC_WARN_UNUSED_VARIABLE = YES;
				IPHONEOS_DEPLOYMENT_TARGET = 15.2;
				MTL_ENABLE_DEBUG_INFO = NO;
				MTL_FAST_MATH = YES;
				SDKROOT = iphoneos;
				SWIFT_COMPILATION_MODE = wholemodule;
				SWIFT_OPTIMIZATION_LEVEL = "-O";
				VALIDATE_PRODUCT = YES;
			};
			name = Release;
		};
		BBDD1C23278991180069748B /* Debug */ = {
			isa = XCBuildConfiguration;
			buildSettings = {
				ASSETCATALOG_COMPILER_APPICON_NAME = AppIcon;
				ASSETCATALOG_COMPILER_GLOBAL_ACCENT_COLOR_NAME = AccentColor;
				CODE_SIGN_STYLE = Automatic;
				CURRENT_PROJECT_VERSION = 1;
				DEVELOPMENT_TEAM = K9N3ERF77J;
				GENERATE_INFOPLIST_FILE = YES;
				INFOPLIST_FILE = NewsApp/Info.plist;
				INFOPLIST_KEY_UIApplicationSupportsIndirectInputEvents = YES;
				INFOPLIST_KEY_UILaunchStoryboardName = LaunchScreen;
				INFOPLIST_KEY_UIMainStoryboardFile = Main;
				INFOPLIST_KEY_UISupportedInterfaceOrientations_iPad = "UIInterfaceOrientationPortrait UIInterfaceOrientationPortraitUpsideDown UIInterfaceOrientationLandscapeLeft UIInterfaceOrientationLandscapeRight";
				INFOPLIST_KEY_UISupportedInterfaceOrientations_iPhone = "UIInterfaceOrientationPortrait UIInterfaceOrientationLandscapeLeft UIInterfaceOrientationLandscapeRight";
				IPHONEOS_DEPLOYMENT_TARGET = 15.1;
				LD_RUNPATH_SEARCH_PATHS = (
					"$(inherited)",
					"@executable_path/Frameworks",
				);
				MARKETING_VERSION = 1.0;
				PRODUCT_BUNDLE_IDENTIFIER = "Ann-Siroratt.NewsApp1";
				PRODUCT_NAME = "$(TARGET_NAME)";
				SWIFT_EMIT_LOC_STRINGS = YES;
				SWIFT_VERSION = 5.0;
				TARGETED_DEVICE_FAMILY = "1,2";
			};
			name = Debug;
		};
		BBDD1C24278991180069748B /* Release */ = {
			isa = XCBuildConfiguration;
			buildSettings = {
				ASSETCATALOG_COMPILER_APPICON_NAME = AppIcon;
				ASSETCATALOG_COMPILER_GLOBAL_ACCENT_COLOR_NAME = AccentColor;
				CODE_SIGN_STYLE = Automatic;
				CURRENT_PROJECT_VERSION = 1;
				DEVELOPMENT_TEAM = NGDVVLJ25F;
				GENERATE_INFOPLIST_FILE = YES;
				INFOPLIST_FILE = NewsApp/Info.plist;
				INFOPLIST_KEY_UIApplicationSupportsIndirectInputEvents = YES;
				INFOPLIST_KEY_UILaunchStoryboardName = LaunchScreen;
				INFOPLIST_KEY_UIMainStoryboardFile = Main;
				INFOPLIST_KEY_UISupportedInterfaceOrientations_iPad = "UIInterfaceOrientationPortrait UIInterfaceOrientationPortraitUpsideDown UIInterfaceOrientationLandscapeLeft UIInterfaceOrientationLandscapeRight";
				INFOPLIST_KEY_UISupportedInterfaceOrientations_iPhone = "UIInterfaceOrientationPortrait UIInterfaceOrientationLandscapeLeft UIInterfaceOrientationLandscapeRight";
				IPHONEOS_DEPLOYMENT_TARGET = 15.1;
				LD_RUNPATH_SEARCH_PATHS = (
					"$(inherited)",
					"@executable_path/Frameworks",
				);
				MARKETING_VERSION = 1.0;
				PRODUCT_BUNDLE_IDENTIFIER = "Ann-Siroratt.NewsApp";
				PRODUCT_NAME = "$(TARGET_NAME)";
				SWIFT_EMIT_LOC_STRINGS = YES;
				SWIFT_VERSION = 5.0;
				TARGETED_DEVICE_FAMILY = "1,2";
			};
			name = Release;
		};
		BBDD1C26278991180069748B /* Debug */ = {
			isa = XCBuildConfiguration;
			buildSettings = {
				ALWAYS_EMBED_SWIFT_STANDARD_LIBRARIES = YES;
				BUNDLE_LOADER = "$(TEST_HOST)";
				CODE_SIGN_STYLE = Automatic;
				CURRENT_PROJECT_VERSION = 1;
				DEVELOPMENT_TEAM = NGDVVLJ25F;
				GENERATE_INFOPLIST_FILE = YES;
				IPHONEOS_DEPLOYMENT_TARGET = 15.2;
				MARKETING_VERSION = 1.0;
				PRODUCT_BUNDLE_IDENTIFIER = "Ann-Siroratt.NewsAppTests";
				PRODUCT_NAME = "$(TARGET_NAME)";
				SWIFT_EMIT_LOC_STRINGS = NO;
				SWIFT_VERSION = 5.0;
				TARGETED_DEVICE_FAMILY = "1,2";
				TEST_HOST = "$(BUILT_PRODUCTS_DIR)/NewsApp.app/NewsApp";
			};
			name = Debug;
		};
		BBDD1C27278991180069748B /* Release */ = {
			isa = XCBuildConfiguration;
			buildSettings = {
				ALWAYS_EMBED_SWIFT_STANDARD_LIBRARIES = YES;
				BUNDLE_LOADER = "$(TEST_HOST)";
				CODE_SIGN_STYLE = Automatic;
				CURRENT_PROJECT_VERSION = 1;
				DEVELOPMENT_TEAM = NGDVVLJ25F;
				GENERATE_INFOPLIST_FILE = YES;
				IPHONEOS_DEPLOYMENT_TARGET = 15.2;
				MARKETING_VERSION = 1.0;
				PRODUCT_BUNDLE_IDENTIFIER = "Ann-Siroratt.NewsAppTests";
				PRODUCT_NAME = "$(TARGET_NAME)";
				SWIFT_EMIT_LOC_STRINGS = NO;
				SWIFT_VERSION = 5.0;
				TARGETED_DEVICE_FAMILY = "1,2";
				TEST_HOST = "$(BUILT_PRODUCTS_DIR)/NewsApp.app/NewsApp";
			};
			name = Release;
		};
		BBDD1C29278991180069748B /* Debug */ = {
			isa = XCBuildConfiguration;
			buildSettings = {
				ALWAYS_EMBED_SWIFT_STANDARD_LIBRARIES = YES;
				CODE_SIGN_STYLE = Automatic;
				CURRENT_PROJECT_VERSION = 1;
				DEVELOPMENT_TEAM = NGDVVLJ25F;
				GENERATE_INFOPLIST_FILE = YES;
				MARKETING_VERSION = 1.0;
				PRODUCT_BUNDLE_IDENTIFIER = "Ann-Siroratt.NewsAppUITests";
				PRODUCT_NAME = "$(TARGET_NAME)";
				SWIFT_EMIT_LOC_STRINGS = NO;
				SWIFT_VERSION = 5.0;
				TARGETED_DEVICE_FAMILY = "1,2";
				TEST_TARGET_NAME = NewsApp;
			};
			name = Debug;
		};
		BBDD1C2A278991180069748B /* Release */ = {
			isa = XCBuildConfiguration;
			buildSettings = {
				ALWAYS_EMBED_SWIFT_STANDARD_LIBRARIES = YES;
				CODE_SIGN_STYLE = Automatic;
				CURRENT_PROJECT_VERSION = 1;
				DEVELOPMENT_TEAM = NGDVVLJ25F;
				GENERATE_INFOPLIST_FILE = YES;
				MARKETING_VERSION = 1.0;
				PRODUCT_BUNDLE_IDENTIFIER = "Ann-Siroratt.NewsAppUITests";
				PRODUCT_NAME = "$(TARGET_NAME)";
				SWIFT_EMIT_LOC_STRINGS = NO;
				SWIFT_VERSION = 5.0;
				TARGETED_DEVICE_FAMILY = "1,2";
				TEST_TARGET_NAME = NewsApp;
			};
			name = Release;
		};
/* End XCBuildConfiguration section */

/* Begin XCConfigurationList section */
		BBDD1BF3278991100069748B /* Build configuration list for PBXProject "NewsApp" */ = {
			isa = XCConfigurationList;
			buildConfigurations = (
				BBDD1C20278991180069748B /* Debug */,
				BBDD1C21278991180069748B /* Release */,
			);
			defaultConfigurationIsVisible = 0;
			defaultConfigurationName = Release;
		};
		BBDD1C22278991180069748B /* Build configuration list for PBXNativeTarget "NewsApp" */ = {
			isa = XCConfigurationList;
			buildConfigurations = (
				BBDD1C23278991180069748B /* Debug */,
				BBDD1C24278991180069748B /* Release */,
			);
			defaultConfigurationIsVisible = 0;
			defaultConfigurationName = Release;
		};
		BBDD1C25278991180069748B /* Build configuration list for PBXNativeTarget "NewsAppTests" */ = {
			isa = XCConfigurationList;
			buildConfigurations = (
				BBDD1C26278991180069748B /* Debug */,
				BBDD1C27278991180069748B /* Release */,
			);
			defaultConfigurationIsVisible = 0;
			defaultConfigurationName = Release;
		};
		BBDD1C28278991180069748B /* Build configuration list for PBXNativeTarget "NewsAppUITests" */ = {
			isa = XCConfigurationList;
			buildConfigurations = (
				BBDD1C29278991180069748B /* Debug */,
				BBDD1C2A278991180069748B /* Release */,
			);
			defaultConfigurationIsVisible = 0;
			defaultConfigurationName = Release;
		};
/* End XCConfigurationList section */

/* Begin XCRemoteSwiftPackageReference section */
		BBDD1C2B2789986F0069748B /* XCRemoteSwiftPackageReference "lottie-ios" */ = {
			isa = XCRemoteSwiftPackageReference;
			repositoryURL = "https://github.com/airbnb/lottie-ios";
			requirement = {
				kind = upToNextMajorVersion;
				minimumVersion = 3.0.0;
			};
		};
/* End XCRemoteSwiftPackageReference section */

/* Begin XCSwiftPackageProductDependency section */
		BBDD1C2C2789986F0069748B /* Lottie */ = {
			isa = XCSwiftPackageProductDependency;
			package = BBDD1C2B2789986F0069748B /* XCRemoteSwiftPackageReference "lottie-ios" */;
			productName = Lottie;
		};
/* End XCSwiftPackageProductDependency section */
	};
	rootObject = BBDD1BF0278991100069748B /* Project object */;
}
